
Microsoft Visual Studio Solution File, Format Version 12.00
# Visual Studio 14
VisualStudioVersion = 14.0.24720.0
MinimumVisualStudioVersion = 10.0.40219.1
Project("{FAE04EC0-301F-11D3-BF4B-00C04F79EFBC}") = "ANN", "ANN\ANN.csproj", "{53F3D759-3D36-4BAF-A2C3-F50DB461FC8C}"
EndProject
Project("{FAE04EC0-301F-11D3-BF4B-00C04F79EFBC}") = "PerceptronDemo", "PerceptronDemo\PerceptronDemo.csproj", "{1189A211-7C66-41BB-BFFC-7FA6EE39CFF0}"
EndProject
Project("{FAE04EC0-301F-11D3-BF4B-00C04F79EFBC}") = "DeltaRuleDemo", "DeltaRuleDemo\DeltaRuleDemo.csproj", "{08787675-678E-4577-AF10-6DFE8D7FBC9D}"
EndProject
Project("{FAE04EC0-301F-11D3-BF4B-00C04F79EFBC}") = "BackpropagationDemo", "BackpropagationDemo\BackpropagationDemo.csproj", "{ADFF8AAA-11FD-4472-B00D-808E34C4101F}"
	ProjectSection(ProjectDependencies) = postProject
		{53F3D759-3D36-4BAF-A2C3-F50DB461FC8C} = {53F3D759-3D36-4BAF-A2C3-F50DB461FC8C}
	EndProjectSection
EndProject
Project("{FAE04EC0-301F-11D3-BF4B-00C04F79EFBC}") = "AutoencoderDemo", "AutoencoderDemo\AutoencoderDemo.csproj", "{4240F8CF-03BA-4579-AD59-E90460FE9197}"
	ProjectSection(ProjectDependencies) = postProject
		{53F3D759-3D36-4BAF-A2C3-F50DB461FC8C} = {53F3D759-3D36-4BAF-A2C3-F50DB461FC8C}
	EndProjectSection
EndProject
Project("{FAE04EC0-301F-11D3-BF4B-00C04F79EFBC}") = "ANN.Test", "ANN.Test\ANN.Test.csproj", "{252B9EA7-78F8-4857-97C6-655D39BC67D3}"
EndProject
Global
	GlobalSection(SolutionConfigurationPlatforms) = preSolution
		Debug|Any CPU = Debug|Any CPU
		Debug|x64 = Debug|x64
		Debug|x86 = Debug|x86
		Release|Any CPU = Release|Any CPU
		Release|x64 = Release|x64
		Release|x86 = Release|x86
	EndGlobalSection
	GlobalSection(ProjectConfigurationPlatforms) = postSolution
		{53F3D759-3D36-4BAF-A2C3-F50DB461FC8C}.Debug|Any CPU.ActiveCfg = Debug|Any CPU
		{53F3D759-3D36-4BAF-A2C3-F50DB461FC8C}.Debug|Any CPU.Build.0 = Debug|Any CPU
		{53F3D759-3D36-4BAF-A2C3-F50DB461FC8C}.Debug|x64.ActiveCfg = Debug|Any CPU
		{53F3D759-3D36-4BAF-A2C3-F50DB461FC8C}.Debug|x64.Build.0 = Debug|Any CPU
		{53F3D759-3D36-4BAF-A2C3-F50DB461FC8C}.Debug|x86.ActiveCfg = Debug|Any CPU
		{53F3D759-3D36-4BAF-A2C3-F50DB461FC8C}.Debug|x86.Build.0 = Debug|Any CPU
		{53F3D759-3D36-4BAF-A2C3-F50DB461FC8C}.Release|Any CPU.ActiveCfg = Release|Any CPU
		{53F3D759-3D36-4BAF-A2C3-F50DB461FC8C}.Release|Any CPU.Build.0 = Release|Any CPU
		{53F3D759-3D36-4BAF-A2C3-F50DB461FC8C}.Release|x64.ActiveCfg = Release|Any CPU
		{53F3D759-3D36-4BAF-A2C3-F50DB461FC8C}.Release|x64.Build.0 = Release|Any CPU
		{53F3D759-3D36-4BAF-A2C3-F50DB461FC8C}.Release|x86.ActiveCfg = Release|Any CPU
		{53F3D759-3D36-4BAF-A2C3-F50DB461FC8C}.Release|x86.Build.0 = Release|Any CPU
		{1189A211-7C66-41BB-BFFC-7FA6EE39CFF0}.Debug|Any CPU.ActiveCfg = Debug|Any CPU
		{1189A211-7C66-41BB-BFFC-7FA6EE39CFF0}.Debug|Any CPU.Build.0 = Debug|Any CPU
		{1189A211-7C66-41BB-BFFC-7FA6EE39CFF0}.Debug|x64.ActiveCfg = Debug|Any CPU
		{1189A211-7C66-41BB-BFFC-7FA6EE39CFF0}.Debug|x64.Build.0 = Debug|Any CPU
		{1189A211-7C66-41BB-BFFC-7FA6EE39CFF0}.Debug|x86.ActiveCfg = Debug|Any CPU
		{1189A211-7C66-41BB-BFFC-7FA6EE39CFF0}.Debug|x86.Build.0 = Debug|Any CPU
		{1189A211-7C66-41BB-BFFC-7FA6EE39CFF0}.Release|Any CPU.ActiveCfg = Release|Any CPU
		{1189A211-7C66-41BB-BFFC-7FA6EE39CFF0}.Release|Any CPU.Build.0 = Release|Any CPU
		{1189A211-7C66-41BB-BFFC-7FA6EE39CFF0}.Release|x64.ActiveCfg = Release|Any CPU
		{1189A211-7C66-41BB-BFFC-7FA6EE39CFF0}.Release|x64.Build.0 = Release|Any CPU
		{1189A211-7C66-41BB-BFFC-7FA6EE39CFF0}.Release|x86.ActiveCfg = Release|Any CPU
		{1189A211-7C66-41BB-BFFC-7FA6EE39CFF0}.Release|x86.Build.0 = Release|Any CPU
		{08787675-678E-4577-AF10-6DFE8D7FBC9D}.Debug|Any CPU.ActiveCfg = Debug|Any CPU
		{08787675-678E-4577-AF10-6DFE8D7FBC9D}.Debug|Any CPU.Build.0 = Debug|Any CPU
		{08787675-678E-4577-AF10-6DFE8D7FBC9D}.Debug|x64.ActiveCfg = Debug|Any CPU
		{08787675-678E-4577-AF10-6DFE8D7FBC9D}.Debug|x64.Build.0 = Debug|Any CPU
		{08787675-678E-4577-AF10-6DFE8D7FBC9D}.Debug|x86.ActiveCfg = Debug|Any CPU
		{08787675-678E-4577-AF10-6DFE8D7FBC9D}.Debug|x86.Build.0 = Debug|Any CPU
		{08787675-678E-4577-AF10-6DFE8D7FBC9D}.Release|Any CPU.ActiveCfg = Release|Any CPU
		{08787675-678E-4577-AF10-6DFE8D7FBC9D}.Release|Any CPU.Build.0 = Release|Any CPU
		{08787675-678E-4577-AF10-6DFE8D7FBC9D}.Release|x64.ActiveCfg = Release|Any CPU
		{08787675-678E-4577-AF10-6DFE8D7FBC9D}.Release|x64.Build.0 = Release|Any CPU
		{08787675-678E-4577-AF10-6DFE8D7FBC9D}.Release|x86.ActiveCfg = Release|Any CPU
		{08787675-678E-4577-AF10-6DFE8D7FBC9D}.Release|x86.Build.0 = Release|Any CPU
		{ADFF8AAA-11FD-4472-B00D-808E34C4101F}.Debug|Any CPU.ActiveCfg = Debug|Any CPU
		{ADFF8AAA-11FD-4472-B00D-808E34C4101F}.Debug|Any CPU.Build.0 = Debug|Any CPU
		{ADFF8AAA-11FD-4472-B00D-808E34C4101F}.Debug|x64.ActiveCfg = Debug|Any CPU
		{ADFF8AAA-11FD-4472-B00D-808E34C4101F}.Debug|x64.Build.0 = Debug|Any CPU
		{ADFF8AAA-11FD-4472-B00D-808E34C4101F}.Debug|x86.ActiveCfg = Debug|Any CPU
		{ADFF8AAA-11FD-4472-B00D-808E34C4101F}.Debug|x86.Build.0 = Debug|Any CPU
		{ADFF8AAA-11FD-4472-B00D-808E34C4101F}.Release|Any CPU.ActiveCfg = Release|Any CPU
		{ADFF8AAA-11FD-4472-B00D-808E34C4101F}.Release|Any CPU.Build.0 = Release|Any CPU
		{ADFF8AAA-11FD-4472-B00D-808E34C4101F}.Release|x64.ActiveCfg = Release|Any CPU
		{ADFF8AAA-11FD-4472-B00D-808E34C4101F}.Release|x64.Build.0 = Release|Any CPU
		{ADFF8AAA-11FD-4472-B00D-808E34C4101F}.Release|x86.ActiveCfg = Release|Any CPU
		{ADFF8AAA-11FD-4472-B00D-808E34C4101F}.Release|x86.Build.0 = Release|Any CPU
		{4240F8CF-03BA-4579-AD59-E90460FE9197}.Debug|Any CPU.ActiveCfg = Debug|Any CPU
		{4240F8CF-03BA-4579-AD59-E90460FE9197}.Debug|Any CPU.Build.0 = Debug|Any CPU
		{4240F8CF-03BA-4579-AD59-E90460FE9197}.Debug|x64.ActiveCfg = Debug|Any CPU
		{4240F8CF-03BA-4579-AD59-E90460FE9197}.Debug|x64.Build.0 = Debug|Any CPU
		{4240F8CF-03BA-4579-AD59-E90460FE9197}.Debug|x86.ActiveCfg = Debug|Any CPU
		{4240F8CF-03BA-4579-AD59-E90460FE9197}.Debug|x86.Build.0 = Debug|Any CPU
		{4240F8CF-03BA-4579-AD59-E90460FE9197}.Release|Any CPU.ActiveCfg = Release|Any CPU
		{4240F8CF-03BA-4579-AD59-E90460FE9197}.Release|Any CPU.Build.0 = Release|Any CPU
		{4240F8CF-03BA-4579-AD59-E90460FE9197}.Release|x64.ActiveCfg = Release|Any CPU
		{4240F8CF-03BA-4579-AD59-E90460FE9197}.Release|x64.Build.0 = Release|Any CPU
		{4240F8CF-03BA-4579-AD59-E90460FE9197}.Release|x86.ActiveCfg = Release|Any CPU
		{4240F8CF-03BA-4579-AD59-E90460FE9197}.Release|x86.Build.0 = Release|Any CPU
		{252B9EA7-78F8-4857-97C6-655D39BC67D3}.Debug|Any CPU.ActiveCfg = Debug|Any CPU
		{252B9EA7-78F8-4857-97C6-655D39BC67D3}.Debug|Any CPU.Build.0 = Debug|Any CPU
		{252B9EA7-78F8-4857-97C6-655D39BC67D3}.Debug|x64.ActiveCfg = Debug|Any CPU
		{252B9EA7-78F8-4857-97C6-655D39BC67D3}.Debug|x64.Build.0 = Debug|Any CPU
		{252B9EA7-78F8-4857-97C6-655D39BC67D3}.Debug|x86.ActiveCfg = Debug|Any CPU
		{252B9EA7-78F8-4857-97C6-655D39BC67D3}.Debug|x86.Build.0 = Debug|Any CPU
		{252B9EA7-78F8-4857-97C6-655D39BC67D3}.Release|Any CPU.ActiveCfg = Release|Any CPU
		{252B9EA7-78F8-4857-97C6-655D39BC67D3}.Release|Any CPU.Build.0 = Release|Any CPU
		{252B9EA7-78F8-4857-97C6-655D39BC67D3}.Release|x64.ActiveCfg = Release|Any CPU
		{252B9EA7-78F8-4857-97C6-655D39BC67D3}.Release|x64.Build.0 = Release|Any CPU
		{252B9EA7-78F8-4857-97C6-655D39BC67D3}.Release|x86.ActiveCfg = Release|Any CPU
		{252B9EA7-78F8-4857-97C6-655D39BC67D3}.Release|x86.Build.0 = Release|Any CPU
	EndGlobalSection
	GlobalSection(SolutionProperties) = preSolution
		HideSolutionNode = FALSE
	EndGlobalSection
EndGlobal
