
Microsoft Visual Studio Solution File, Format Version 12.00
# Visual Studio 14
VisualStudioVersion = 14.0.23107.0
MinimumVisualStudioVersion = 10.0.40219.1
Project("{FAE04EC0-301F-11D3-BF4B-00C04F79EFBC}") = "ANN", "ANN\ANN.csproj", "{53F3D759-3D36-4BAF-A2C3-F50DB461FC8C}"
EndProject
Project("{FAE04EC0-301F-11D3-BF4B-00C04F79EFBC}") = "PerceptronDemo", "PerceptronDemo\PerceptronDemo.csproj", "{1189A211-7C66-41BB-BFFC-7FA6EE39CFF0}"
EndProject
Project("{FAE04EC0-301F-11D3-BF4B-00C04F79EFBC}") = "DeltaRuleDemo", "DeltaRuleDemo\DeltaRuleDemo.csproj", "{08787675-678E-4577-AF10-6DFE8D7FBC9D}"
EndProject
Project("{FAE04EC0-301F-11D3-BF4B-00C04F79EFBC}") = "BackpropagationDemo", "BackpropagationDemo\BackpropagationDemo.csproj", "{ADFF8AAA-11FD-4472-B00D-808E34C4101F}"
	ProjectSection(ProjectDependencies) = postProject
		{53F3D759-3D36-4BAF-A2C3-F50DB461FC8C} = {53F3D759-3D36-4BAF-A2C3-F50DB461FC8C}
	EndProjectSection
EndProject
Global
	GlobalSection(SolutionConfigurationPlatforms) = preSolution
		Debug|Any CPU = Debug|Any CPU
		Release|Any CPU = Release|Any CPU
	EndGlobalSection
	GlobalSection(ProjectConfigurationPlatforms) = postSolution
		{53F3D759-3D36-4BAF-A2C3-F50DB461FC8C}.Debug|Any CPU.ActiveCfg = Debug|Any CPU
		{53F3D759-3D36-4BAF-A2C3-F50DB461FC8C}.Debug|Any CPU.Build.0 = Debug|Any CPU
		{53F3D759-3D36-4BAF-A2C3-F50DB461FC8C}.Release|Any CPU.ActiveCfg = Release|Any CPU
		{53F3D759-3D36-4BAF-A2C3-F50DB461FC8C}.Release|Any CPU.Build.0 = Release|Any CPU
		{1189A211-7C66-41BB-BFFC-7FA6EE39CFF0}.Debug|Any CPU.ActiveCfg = Debug|Any CPU
		{1189A211-7C66-41BB-BFFC-7FA6EE39CFF0}.Debug|Any CPU.Build.0 = Debug|Any CPU
		{1189A211-7C66-41BB-BFFC-7FA6EE39CFF0}.Release|Any CPU.ActiveCfg = Release|Any CPU
		{1189A211-7C66-41BB-BFFC-7FA6EE39CFF0}.Release|Any CPU.Build.0 = Release|Any CPU
		{08787675-678E-4577-AF10-6DFE8D7FBC9D}.Debug|Any CPU.ActiveCfg = Debug|Any CPU
		{08787675-678E-4577-AF10-6DFE8D7FBC9D}.Debug|Any CPU.Build.0 = Debug|Any CPU
		{08787675-678E-4577-AF10-6DFE8D7FBC9D}.Release|Any CPU.ActiveCfg = Release|Any CPU
		{08787675-678E-4577-AF10-6DFE8D7FBC9D}.Release|Any CPU.Build.0 = Release|Any CPU
		{ADFF8AAA-11FD-4472-B00D-808E34C4101F}.Debug|Any CPU.ActiveCfg = Debug|Any CPU
		{ADFF8AAA-11FD-4472-B00D-808E34C4101F}.Debug|Any CPU.Build.0 = Debug|Any CPU
		{ADFF8AAA-11FD-4472-B00D-808E34C4101F}.Release|Any CPU.ActiveCfg = Release|Any CPU
		{ADFF8AAA-11FD-4472-B00D-808E34C4101F}.Release|Any CPU.Build.0 = Release|Any CPU
	EndGlobalSection
	GlobalSection(SolutionProperties) = preSolution
		HideSolutionNode = FALSE
	EndGlobalSection
EndGlobal
